
Microsoft Visual Studio Solution File, Format Version 12.00
# Visual Studio Version 17
VisualStudioVersion = 17.13.35828.75
MinimumVisualStudioVersion = 10.0.40219.1
Project("{2150E333-8FDC-42A3-9474-1A3956D46DE8}") = "Services", "Services", "{02EA681E-C7D8-13C7-8484-4AC65E1B71E8}"
EndProject
Project("{2150E333-8FDC-42A3-9474-1A3956D46DE8}") = "Basket", "Basket", "{430D6F68-F53D-4D00-8574-E5CBA0BFF077}"
EndProject
Project("{2150E333-8FDC-42A3-9474-1A3956D46DE8}") = "Catalog", "Catalog", "{B81F8E87-AB50-4E68-B81B-5AA4FEB45C32}"
EndProject
Project("{FAE04EC0-301F-11D3-BF4B-00C04F79EFBC}") = "Catalog.API", "Services\Catalog\Catalog.API\Catalog.API.csproj", "{3FFD2702-5396-4AA3-9743-55BFAAB3CA71}"
EndProject
Project("{2150E333-8FDC-42A3-9474-1A3956D46DE8}") = "BuildingBlocks", "BuildingBlocks", "{46AF9046-79FC-4A3E-8A8D-CBA3ADE27707}"
EndProject
Project("{FAE04EC0-301F-11D3-BF4B-00C04F79EFBC}") = "BuildingBlocks", "BuildingBlocks\BuildingBlocks\BuildingBlocks.csproj", "{41D8EA6C-B7DF-46C2-8B7F-46B552DCC92A}"
EndProject
Project("{E53339B2-1760-4266-BCC7-CA923CBCF16C}") = "docker-compose", "docker-compose.dcproj", "{81DDED9D-158B-E303-5F62-77A2896D2A5A}"
EndProject
Project("{FAE04EC0-301F-11D3-BF4B-00C04F79EFBC}") = "Basket.API", "Services\Basket\Basket.API\Basket.API.csproj", "{B9EC2C0B-48C0-4FAE-A8B4-3A20ABF9C88E}"
EndProject
Project("{2150E333-8FDC-42A3-9474-1A3956D46DE8}") = "Discount", "Discount", "{B86655AF-95FB-4F09-81B9-8B3C9FB186A7}"
EndProject
Project("{FAE04EC0-301F-11D3-BF4B-00C04F79EFBC}") = "Discount.Grpc", "Services\Discount\Discount.Grpc\Discount.Grpc.csproj", "{7F0882E0-381E-443A-B981-BA9DF107B577}"
EndProject
Project("{2150E333-8FDC-42A3-9474-1A3956D46DE8}") = "Ordering", "Ordering", "{E2A49FF4-77F2-45D8-B477-D218A84508B5}"
EndProject
Project("{FAE04EC0-301F-11D3-BF4B-00C04F79EFBC}") = "Ordering.API", "Services\Ordering\Ordering.API\Ordering.API.csproj", "{D44E01C0-7A70-4EC9-952A-45D1E5CF8B9A}"
EndProject
Project("{FAE04EC0-301F-11D3-BF4B-00C04F79EFBC}") = "Ordering.Application", "Services\Ordering\Ordering.Application\Ordering.Application.csproj", "{7F1E2183-AB23-4932-B3A2-40C441915709}"
EndProject
Project("{FAE04EC0-301F-11D3-BF4B-00C04F79EFBC}") = "Ordering.Domain", "Services\Ordering\Ordering.Domain\Ordering.Domain.csproj", "{DF8F9928-7329-44F1-B820-7E56D1015A34}"
EndProject
Project("{FAE04EC0-301F-11D3-BF4B-00C04F79EFBC}") = "Ordering.Infrastructure", "Services\Ordering\Ordering.Infrastructure\Ordering.Infrastructure.csproj", "{36BB83ED-9782-4BEF-ADBA-E0FAB7B35DED}"
EndProject
Project("{FAE04EC0-301F-11D3-BF4B-00C04F79EFBC}") = "BuildingBlocks.Messaging", "BuildingBlocks\BuildingBlocks.Messaging\BuildingBlocks.Messaging.csproj", "{C414B6A5-BD92-4F51-A5B0-AE9E53C5ED0A}"
EndProject
Project("{2150E333-8FDC-42A3-9474-1A3956D46DE8}") = "ApiGateways", "ApiGateways", "{D37CA5EA-68F1-4170-BE6B-9A4495C2CDB1}"
EndProject
Project("{FAE04EC0-301F-11D3-BF4B-00C04F79EFBC}") = "YarpApiGateway", "ApiGateways\YarpApiGateway\YarpApiGateway\YarpApiGateway.csproj", "{7ED91A33-BA9B-4279-A2B8-C9C35508E112}"
EndProject
Global
	GlobalSection(SolutionConfigurationPlatforms) = preSolution
		Debug|Any CPU = Debug|Any CPU
		Release|Any CPU = Release|Any CPU
	EndGlobalSection
	GlobalSection(ProjectConfigurationPlatforms) = postSolution
		{3FFD2702-5396-4AA3-9743-55BFAAB3CA71}.Debug|Any CPU.ActiveCfg = Debug|Any CPU
		{3FFD2702-5396-4AA3-9743-55BFAAB3CA71}.Debug|Any CPU.Build.0 = Debug|Any CPU
		{3FFD2702-5396-4AA3-9743-55BFAAB3CA71}.Release|Any CPU.ActiveCfg = Release|Any CPU
		{3FFD2702-5396-4AA3-9743-55BFAAB3CA71}.Release|Any CPU.Build.0 = Release|Any CPU
		{41D8EA6C-B7DF-46C2-8B7F-46B552DCC92A}.Debug|Any CPU.ActiveCfg = Debug|Any CPU
		{41D8EA6C-B7DF-46C2-8B7F-46B552DCC92A}.Debug|Any CPU.Build.0 = Debug|Any CPU
		{41D8EA6C-B7DF-46C2-8B7F-46B552DCC92A}.Release|Any CPU.ActiveCfg = Release|Any CPU
		{41D8EA6C-B7DF-46C2-8B7F-46B552DCC92A}.Release|Any CPU.Build.0 = Release|Any CPU
		{81DDED9D-158B-E303-5F62-77A2896D2A5A}.Debug|Any CPU.ActiveCfg = Debug|Any CPU
		{81DDED9D-158B-E303-5F62-77A2896D2A5A}.Debug|Any CPU.Build.0 = Debug|Any CPU
		{81DDED9D-158B-E303-5F62-77A2896D2A5A}.Release|Any CPU.ActiveCfg = Release|Any CPU
		{81DDED9D-158B-E303-5F62-77A2896D2A5A}.Release|Any CPU.Build.0 = Release|Any CPU
		{B9EC2C0B-48C0-4FAE-A8B4-3A20ABF9C88E}.Debug|Any CPU.ActiveCfg = Debug|Any CPU
		{B9EC2C0B-48C0-4FAE-A8B4-3A20ABF9C88E}.Debug|Any CPU.Build.0 = Debug|Any CPU
		{B9EC2C0B-48C0-4FAE-A8B4-3A20ABF9C88E}.Release|Any CPU.ActiveCfg = Release|Any CPU
		{B9EC2C0B-48C0-4FAE-A8B4-3A20ABF9C88E}.Release|Any CPU.Build.0 = Release|Any CPU
		{7F0882E0-381E-443A-B981-BA9DF107B577}.Debug|Any CPU.ActiveCfg = Debug|Any CPU
		{7F0882E0-381E-443A-B981-BA9DF107B577}.Debug|Any CPU.Build.0 = Debug|Any CPU
		{7F0882E0-381E-443A-B981-BA9DF107B577}.Release|Any CPU.ActiveCfg = Release|Any CPU
		{7F0882E0-381E-443A-B981-BA9DF107B577}.Release|Any CPU.Build.0 = Release|Any CPU
		{D44E01C0-7A70-4EC9-952A-45D1E5CF8B9A}.Debug|Any CPU.ActiveCfg = Debug|Any CPU
		{D44E01C0-7A70-4EC9-952A-45D1E5CF8B9A}.Debug|Any CPU.Build.0 = Debug|Any CPU
		{D44E01C0-7A70-4EC9-952A-45D1E5CF8B9A}.Release|Any CPU.ActiveCfg = Release|Any CPU
		{D44E01C0-7A70-4EC9-952A-45D1E5CF8B9A}.Release|Any CPU.Build.0 = Release|Any CPU
		{7F1E2183-AB23-4932-B3A2-40C441915709}.Debug|Any CPU.ActiveCfg = Debug|Any CPU
		{7F1E2183-AB23-4932-B3A2-40C441915709}.Debug|Any CPU.Build.0 = Debug|Any CPU
		{7F1E2183-AB23-4932-B3A2-40C441915709}.Release|Any CPU.ActiveCfg = Release|Any CPU
		{7F1E2183-AB23-4932-B3A2-40C441915709}.Release|Any CPU.Build.0 = Release|Any CPU
		{DF8F9928-7329-44F1-B820-7E56D1015A34}.Debug|Any CPU.ActiveCfg = Debug|Any CPU
		{DF8F9928-7329-44F1-B820-7E56D1015A34}.Debug|Any CPU.Build.0 = Debug|Any CPU
		{DF8F9928-7329-44F1-B820-7E56D1015A34}.Release|Any CPU.ActiveCfg = Release|Any CPU
		{DF8F9928-7329-44F1-B820-7E56D1015A34}.Release|Any CPU.Build.0 = Release|Any CPU
		{36BB83ED-9782-4BEF-ADBA-E0FAB7B35DED}.Debug|Any CPU.ActiveCfg = Debug|Any CPU
		{36BB83ED-9782-4BEF-ADBA-E0FAB7B35DED}.Debug|Any CPU.Build.0 = Debug|Any CPU
		{36BB83ED-9782-4BEF-ADBA-E0FAB7B35DED}.Release|Any CPU.ActiveCfg = Release|Any CPU
		{36BB83ED-9782-4BEF-ADBA-E0FAB7B35DED}.Release|Any CPU.Build.0 = Release|Any CPU
		{C414B6A5-BD92-4F51-A5B0-AE9E53C5ED0A}.Debug|Any CPU.ActiveCfg = Debug|Any CPU
		{C414B6A5-BD92-4F51-A5B0-AE9E53C5ED0A}.Debug|Any CPU.Build.0 = Debug|Any CPU
		{C414B6A5-BD92-4F51-A5B0-AE9E53C5ED0A}.Release|Any CPU.ActiveCfg = Release|Any CPU
		{C414B6A5-BD92-4F51-A5B0-AE9E53C5ED0A}.Release|Any CPU.Build.0 = Release|Any CPU
		{7ED91A33-BA9B-4279-A2B8-C9C35508E112}.Debug|Any CPU.ActiveCfg = Debug|Any CPU
		{7ED91A33-BA9B-4279-A2B8-C9C35508E112}.Debug|Any CPU.Build.0 = Debug|Any CPU
		{7ED91A33-BA9B-4279-A2B8-C9C35508E112}.Release|Any CPU.ActiveCfg = Release|Any CPU
		{7ED91A33-BA9B-4279-A2B8-C9C35508E112}.Release|Any CPU.Build.0 = Release|Any CPU
	EndGlobalSection
	GlobalSection(SolutionProperties) = preSolution
		HideSolutionNode = FALSE
	EndGlobalSection
	GlobalSection(NestedProjects) = preSolution
		{430D6F68-F53D-4D00-8574-E5CBA0BFF077} = {02EA681E-C7D8-13C7-8484-4AC65E1B71E8}
		{B81F8E87-AB50-4E68-B81B-5AA4FEB45C32} = {02EA681E-C7D8-13C7-8484-4AC65E1B71E8}
		{3FFD2702-5396-4AA3-9743-55BFAAB3CA71} = {B81F8E87-AB50-4E68-B81B-5AA4FEB45C32}
		{41D8EA6C-B7DF-46C2-8B7F-46B552DCC92A} = {46AF9046-79FC-4A3E-8A8D-CBA3ADE27707}
		{B9EC2C0B-48C0-4FAE-A8B4-3A20ABF9C88E} = {430D6F68-F53D-4D00-8574-E5CBA0BFF077}
		{B86655AF-95FB-4F09-81B9-8B3C9FB186A7} = {02EA681E-C7D8-13C7-8484-4AC65E1B71E8}
		{7F0882E0-381E-443A-B981-BA9DF107B577} = {B86655AF-95FB-4F09-81B9-8B3C9FB186A7}
		{E2A49FF4-77F2-45D8-B477-D218A84508B5} = {02EA681E-C7D8-13C7-8484-4AC65E1B71E8}
		{D44E01C0-7A70-4EC9-952A-45D1E5CF8B9A} = {E2A49FF4-77F2-45D8-B477-D218A84508B5}
		{7F1E2183-AB23-4932-B3A2-40C441915709} = {E2A49FF4-77F2-45D8-B477-D218A84508B5}
		{DF8F9928-7329-44F1-B820-7E56D1015A34} = {E2A49FF4-77F2-45D8-B477-D218A84508B5}
		{36BB83ED-9782-4BEF-ADBA-E0FAB7B35DED} = {E2A49FF4-77F2-45D8-B477-D218A84508B5}
		{C414B6A5-BD92-4F51-A5B0-AE9E53C5ED0A} = {46AF9046-79FC-4A3E-8A8D-CBA3ADE27707}
		{7ED91A33-BA9B-4279-A2B8-C9C35508E112} = {D37CA5EA-68F1-4170-BE6B-9A4495C2CDB1}
	EndGlobalSection
	GlobalSection(ExtensibilityGlobals) = postSolution
		SolutionGuid = {3DFF5D67-F017-4BD7-8EBD-3B757C136082}
	EndGlobalSection
EndGlobal
